<?xml version="1.0" encoding="utf-8"?>
<Project ToolsVersion="4.0" xmlns="http://schemas.microsoft.com/developer/msbuild/2003">
  <ItemGroup>
    <Filter Include="Source Files">
      <UniqueIdentifier>{4FC737F1-C7A5-4376-A066-2A32D752A2FF}</UniqueIdentifier>
      <Extensions>cpp;c;cc;cxx;def;odl;idl;hpj;bat;asm;asmx</Extensions>
    </Filter>
    <Filter Include="Header Files">
      <UniqueIdentifier>{93995380-89BD-4b04-88EB-625FBE52EBFB}</UniqueIdentifier>
      <Extensions>h;hpp;hxx;hm;inl;inc;xsd</Extensions>
    </Filter>
    <Filter Include="Resource Files">
      <UniqueIdentifier>{67DA6AB6-F800-4c08-8B7A-83BB121AAD01}</UniqueIdentifier>
      <Extensions>rc;ico;cur;bmp;dlg;rc2;rct;bin;rgs;gif;jpg;jpeg;jpe;resx;tiff;tif;png;wav;mfcribbon-ms</Extensions>
    </Filter>
    <Filter Include="Header Files\Menu">
      <UniqueIdentifier>{03515daa-b559-42c3-8c8c-6bebc99c608d}</UniqueIdentifier>
    </Filter>
    <Filter Include="Source Files\Menu">
      <UniqueIdentifier>{d0fd8180-24ab-41ae-b6b3-cd34cf89aa35}</UniqueIdentifier>
    </Filter>
    <Filter Include="Header Files\States">
      <UniqueIdentifier>{12a6927c-159e-4ddb-a776-1384fa70c65b}</UniqueIdentifier>
    </Filter>
    <Filter Include="Source Files\States">
      <UniqueIdentifier>{36a76f59-6a76-4e6a-9564-94b8741a6e00}</UniqueIdentifier>
    </Filter>
    <Filter Include="Header Files\Entities">
      <UniqueIdentifier>{8920b151-4e8a-493f-b4e3-cdf028f64031}</UniqueIdentifier>
    </Filter>
    <Filter Include="Source Files\Entities">
      <UniqueIdentifier>{7bca41d7-bac9-41ff-b03a-74b24a27bbf8}</UniqueIdentifier>
    </Filter>
    <Filter Include="Header Files\Tiles">
      <UniqueIdentifier>{5669dda8-d435-4498-acdd-18b08d268a1e}</UniqueIdentifier>
    </Filter>
    <Filter Include="Source Files\Tiles">
      <UniqueIdentifier>{57afb364-e626-46fe-9592-9d1640329591}</UniqueIdentifier>
    </Filter>
    <Filter Include="Source Files\SFX">
      <UniqueIdentifier>{31acb88c-32eb-486d-b950-9d72d9283e62}</UniqueIdentifier>
    </Filter>
    <Filter Include="Header Files\SFX">
      <UniqueIdentifier>{6753f3bc-0eb5-440e-a4a9-c8088d6a36e1}</UniqueIdentifier>
    </Filter>
    <Filter Include="Header Files\Sprites/Animation">
      <UniqueIdentifier>{abb8e2e7-0e26-4025-ac18-dc12e649c2e9}</UniqueIdentifier>
    </Filter>
    <Filter Include="Header Files\Shoot">
      <UniqueIdentifier>{d0c81a26-2056-42e9-8ecb-d64efca5c0b9}</UniqueIdentifier>
    </Filter>
    <Filter Include="Source Files\Shoot">
      <UniqueIdentifier>{0d8af8cf-88f0-4a47-a66d-d69a5fca1600}</UniqueIdentifier>
    </Filter>
    <Filter Include="Source Files\Enemies">
      <UniqueIdentifier>{aabc5ccb-7963-43fe-a233-e53d74b4b9a5}</UniqueIdentifier>
    </Filter>
    <Filter Include="Header Files\Enemies">
      <UniqueIdentifier>{790d560e-0996-4d6b-ac0e-43046f33405d}</UniqueIdentifier>
    </Filter>
    <Filter Include="Header Files\Utils">
      <UniqueIdentifier>{23854cc4-9aba-4602-8119-dc42ea5dec48}</UniqueIdentifier>
    </Filter>
    <Filter Include="Source Files\Utils">
      <UniqueIdentifier>{e1f0eb6d-9ec7-4215-aae9-9d9d969428e1}</UniqueIdentifier>
    </Filter>
  </ItemGroup>
  <ItemGroup>
    <ClCompile Include="GameManager.cpp">
      <Filter>Source Files</Filter>
    </ClCompile>
    <ClCompile Include="SDLBase.cpp">
      <Filter>Source Files</Filter>
    </ClCompile>
    <ClCompile Include="Source.cpp">
      <Filter>Source Files</Filter>
    </ClCompile>
    <ClCompile Include="Sprite.cpp">
      <Filter>Source Files</Filter>
    </ClCompile>
    <ClCompile Include="Button.cpp">
      <Filter>Source Files\Menu</Filter>
    </ClCompile>
    <ClCompile Include="CreditsState.cpp">
      <Filter>Source Files\States</Filter>
    </ClCompile>
    <ClCompile Include="IntroState.cpp">
      <Filter>Source Files\States</Filter>
    </ClCompile>
    <ClCompile Include="StageOneState.cpp">
      <Filter>Source Files\States</Filter>
    </ClCompile>
    <ClCompile Include="GameOverState.cpp">
      <Filter>Source Files\States</Filter>
    </ClCompile>
    <ClCompile Include="GameState.cpp">
      <Filter>Source Files\States</Filter>
    </ClCompile>
    <ClCompile Include="MenuState.cpp">
      <Filter>Source Files\States</Filter>
    </ClCompile>
    <ClCompile Include="PauseState.cpp">
      <Filter>Source Files\States</Filter>
    </ClCompile>
    <ClCompile Include="Text.cpp">
      <Filter>Source Files</Filter>
    </ClCompile>
    <ClCompile Include="Timer.cpp">
      <Filter>Source Files</Filter>
    </ClCompile>
    <ClCompile Include="TimerManager.cpp">
      <Filter>Source Files</Filter>
    </ClCompile>
    <ClCompile Include="Object.cpp">
      <Filter>Source Files\Entities</Filter>
    </ClCompile>
    <ClCompile Include="Square.cpp">
      <Filter>Source Files\Entities</Filter>
    </ClCompile>
    <ClCompile Include="Siegfried.cpp">
      <Filter>Source Files\Entities</Filter>
    </ClCompile>
    <ClCompile Include="Planet.cpp">
      <Filter>Source Files\Entities</Filter>
    </ClCompile>
    <ClCompile Include="GameObject.cpp">
      <Filter>Source Files\Entities</Filter>
    </ClCompile>
    <ClCompile Include="MainCharacter.cpp">
      <Filter>Source Files\Entities</Filter>
    </ClCompile>
    <ClCompile Include="TileSet.cpp">
      <Filter>Source Files\Tiles</Filter>
    </ClCompile>
    <ClCompile Include="TileSetMultipleFiles.cpp">
      <Filter>Source Files\Tiles</Filter>
    </ClCompile>
    <ClCompile Include="TileSetSingleFile.cpp">
      <Filter>Source Files\Tiles</Filter>
    </ClCompile>
    <ClCompile Include="InputManager.cpp">
      <Filter>Source Files</Filter>
    </ClCompile>
    <ClCompile Include="Rect.cpp">
      <Filter>Source Files</Filter>
    </ClCompile>
    <ClCompile Include="Animation.cpp">
      <Filter>Source Files</Filter>
    </ClCompile>
    <ClCompile Include="TileMap.cpp">
      <Filter>Source Files\Tiles</Filter>
    </ClCompile>
    <ClCompile Include="Sound.cpp">
      <Filter>Source Files\SFX</Filter>
    </ClCompile>
    <ClCompile Include="Music.cpp">
      <Filter>Source Files\SFX</Filter>
    </ClCompile>
    <ClCompile Include="Audio.cpp">
      <Filter>Source Files\SFX</Filter>
    </ClCompile>
    <ClCompile Include="AnimationSet.cpp">
      <Filter>Source Files</Filter>
    </ClCompile>
    <ClCompile Include="Ground.cpp">
      <Filter>Source Files</Filter>
    </ClCompile>
    <ClCompile Include="GameEntity.cpp">
      <Filter>Source Files</Filter>
    </ClCompile>
    <ClCompile Include="BlueShoot.cpp">
      <Filter>Source Files\Shoot</Filter>
    </ClCompile>
    <ClCompile Include="Shoot.cpp">
      <Filter>Source Files\Shoot</Filter>
    </ClCompile>
    <ClCompile Include="enemy.cpp">
      <Filter>Source Files\Enemies</Filter>
    </ClCompile>
    <ClCompile Include="Nembrotha.cpp">
      <Filter>Source Files\Enemies</Filter>
    </ClCompile>
    <ClCompile Include="HUD.cpp">
      <Filter>Source Files</Filter>
    </ClCompile>
    <ClCompile Include="Observer.cpp">
      <Filter>Source Files</Filter>
    </ClCompile>
    <ClCompile Include="FlyingManthis.cpp">
      <Filter>Source Files\Enemies</Filter>
    </ClCompile>
    <ClCompile Include="Obstacle.cpp">
      <Filter>Source Files</Filter>
    </ClCompile>
    <ClCompile Include="Item.cpp">
      <Filter>Source Files</Filter>
    </ClCompile>
    <ClCompile Include="Rotifera.cpp">
      <Filter>Source Files\Enemies</Filter>
    </ClCompile>
    <ClCompile Include="MainCharacterShoot.cpp">
      <Filter>Source Files\Shoot</Filter>
    </ClCompile>
    <ClCompile Include="FlyingManthisShoot.cpp">
      <Filter>Source Files\Shoot</Filter>
    </ClCompile>
    <ClCompile Include="Boss.cpp">
      <Filter>Source Files\Enemies</Filter>
    </ClCompile>
    <ClCompile Include="CheckPoint.cpp">
      <Filter>Source Files</Filter>
    </ClCompile>
    <ClCompile Include="InstructionsState.cpp">
      <Filter>Source Files\States</Filter>
    </ClCompile>
    <ClCompile Include="CutScenesState.cpp">
      <Filter>Source Files\States</Filter>
    </ClCompile>
    <ClCompile Include="XMLLoader.cpp">
      <Filter>Source Files\Utils</Filter>
    </ClCompile>
    <ClCompile Include="tinyxml2.cpp">
      <Filter>Source Files\Utils</Filter>
    </ClCompile>
    <ClCompile Include="SubtitleReader.cpp">
      <Filter>Source Files\Utils</Filter>
    </ClCompile>
    <ClCompile Include="StageFactory.cpp">
      <Filter>Source Files</Filter>
    </ClCompile>
  </ItemGroup>
  <ItemGroup>
    <ClInclude Include="GameManager.h">
      <Filter>Header Files</Filter>
    </ClInclude>
    <ClInclude Include="OS_Include.h">
      <Filter>Header Files</Filter>
    </ClInclude>
    <ClInclude Include="SDLBase.h">
      <Filter>Header Files</Filter>
    </ClInclude>
    <ClInclude Include="Button.h">
      <Filter>Header Files\Menu</Filter>
    </ClInclude>
    <ClInclude Include="GameState.h">
      <Filter>Header Files\States</Filter>
    </ClInclude>
    <ClInclude Include="MenuState.h">
      <Filter>Header Files\States</Filter>
    </ClInclude>
    <ClInclude Include="StageOneState.h">
      <Filter>Header Files\States</Filter>
    </ClInclude>
    <ClInclude Include="IntroState.h">
      <Filter>Header Files\States</Filter>
    </ClInclude>
    <ClInclude Include="GameOverState.h">
      <Filter>Header Files\States</Filter>
    </ClInclude>
    <ClInclude Include="CreditsState.h">
      <Filter>Header Files\States</Filter>
    </ClInclude>
    <ClInclude Include="PauseState.h">
      <Filter>Header Files\States</Filter>
    </ClInclude>
    <ClInclude Include="Text.h">
      <Filter>Header Files</Filter>
    </ClInclude>
    <ClInclude Include="Timer.h">
      <Filter>Header Files</Filter>
    </ClInclude>
    <ClInclude Include="TimerManager.h">
      <Filter>Header Files</Filter>
    </ClInclude>
    <ClInclude Include="Object.h">
      <Filter>Header Files\Entities</Filter>
    </ClInclude>
    <ClInclude Include="Square.h">
      <Filter>Header Files\Entities</Filter>
    </ClInclude>
    <ClInclude Include="Planet.h">
      <Filter>Header Files\Entities</Filter>
    </ClInclude>
    <ClInclude Include="Siegfried.h">
      <Filter>Header Files\Entities</Filter>
    </ClInclude>
    <ClInclude Include="GameObject.h">
      <Filter>Header Files\Entities</Filter>
    </ClInclude>
    <ClInclude Include="MainCharacter.h">
      <Filter>Header Files\Entities</Filter>
    </ClInclude>
    <ClInclude Include="TileSetSingleFile.h">
      <Filter>Header Files\Tiles</Filter>
    </ClInclude>
    <ClInclude Include="TileSetMultipleFiles.h">
      <Filter>Header Files\Tiles</Filter>
    </ClInclude>
    <ClInclude Include="TileSet.h">
      <Filter>Header Files\Tiles</Filter>
    </ClInclude>
    <ClInclude Include="InputManager.h">
      <Filter>Header Files</Filter>
    </ClInclude>
    <ClInclude Include="Rect.h">
      <Filter>Header Files</Filter>
    </ClInclude>
    <ClInclude Include="TileMap.h">
      <Filter>Header Files\Tiles</Filter>
    </ClInclude>
    <ClInclude Include="Audio.h">
      <Filter>Header Files\SFX</Filter>
    </ClInclude>
    <ClInclude Include="Music.h">
      <Filter>Header Files\SFX</Filter>
    </ClInclude>
    <ClInclude Include="Sound.h">
      <Filter>Header Files\SFX</Filter>
    </ClInclude>
    <ClInclude Include="Animation.h">
      <Filter>Header Files\Sprites/Animation</Filter>
    </ClInclude>
    <ClInclude Include="Sprite.h">
      <Filter>Header Files\Sprites/Animation</Filter>
    </ClInclude>
    <ClInclude Include="AnimationSet.h">
      <Filter>Header Files\Sprites/Animation</Filter>
    </ClInclude>
    <ClInclude Include="Ground.h">
      <Filter>Header Files</Filter>
    </ClInclude>
    <ClInclude Include="GameEntity.h">
      <Filter>Header Files</Filter>
    </ClInclude>
    <ClInclude Include="Shoot.h">
      <Filter>Header Files\Shoot</Filter>
    </ClInclude>
    <ClInclude Include="BlueShoot.h">
      <Filter>Header Files\Shoot</Filter>
    </ClInclude>
    <ClInclude Include="enemy.h">
      <Filter>Header Files\Enemies</Filter>
    </ClInclude>
    <ClInclude Include="Nembrotha.h">
      <Filter>Header Files\Enemies</Filter>
    </ClInclude>
    <ClInclude Include="HUD.h">
      <Filter>Header Files</Filter>
    </ClInclude>
    <ClInclude Include="Observer.h">
      <Filter>Header Files</Filter>
    </ClInclude>
    <ClInclude Include="FlyingManthis.h">
      <Filter>Header Files\Enemies</Filter>
    </ClInclude>
    <ClInclude Include="Obstacle.h">
      <Filter>Header Files</Filter>
    </ClInclude>
    <ClInclude Include="Item.h">
      <Filter>Header Files</Filter>
    </ClInclude>
    <ClInclude Include="Rotifera.h">
      <Filter>Header Files\Enemies</Filter>
    </ClInclude>
    <ClInclude Include="MainCharacterShoot.h">
      <Filter>Header Files\Shoot</Filter>
    </ClInclude>
    <ClInclude Include="FlyingManthisShoot.h">
      <Filter>Header Files\Shoot</Filter>
    </ClInclude>
    <ClInclude Include="Boss.h">
      <Filter>Header Files\Enemies</Filter>
    </ClInclude>
    <ClInclude Include="CheckPoint.h">
      <Filter>Header Files</Filter>
    </ClInclude>
    <ClInclude Include="InstructionsState.h">
      <Filter>Header Files\States</Filter>
    </ClInclude>
    <ClInclude Include="CutScenesState.h">
      <Filter>Header Files\States</Filter>
    </ClInclude>
    <ClInclude Include="tinyxml2.h">
      <Filter>Header Files\Utils</Filter>
    </ClInclude>
    <ClInclude Include="XMLLoader.h">
      <Filter>Header Files\Utils</Filter>
    </ClInclude>
    <ClInclude Include="SubtitleReader.h">
      <Filter>Header Files\Utils</Filter>
    </ClInclude>
    <ClInclude Include="StageFactory.h">
      <Filter>Header Files</Filter>
    </ClInclude>
  </ItemGroup>
  <ItemGroup>
    <Xml Include="StageOne.xml" />
  </ItemGroup>
</Project>